Microsoft Visual Studio Solution File, Format Version 12.00
# Visual Studio 15
VisualStudioVersion = 15.0.26730.16
MinimumVisualStudioVersion = 15.0.26124.0
Project("{9A19103F-16F7-4668-BE54-9A1E7A4F7556}") = "StringCalculator", "StringCalculator\StringCalculator.csproj", "{98BD1D78-2EDB-4FA3-986B-D4F88FFFCD04}"
EndProject
Project("{9A19103F-16F7-4668-BE54-9A1E7A4F7556}") = "StringCalculator.Tests", "StringCalculator.Tests\StringCalculator.Tests.csproj", "{709EF276-1A6C-4BDF-A8F2-EF3E184D1E64}"
EndProject
Global
	GlobalSection(SolutionConfigurationPlatforms) = preSolution
		Debug|Any CPU = Debug|Any CPU
		Debug|x64 = Debug|x64
		Debug|x86 = Debug|x86
		Release|Any CPU = Release|Any CPU
		Release|x64 = Release|x64
		Release|x86 = Release|x86
	EndGlobalSection
	GlobalSection(ProjectConfigurationPlatforms) = postSolution
		{98BD1D78-2EDB-4FA3-986B-D4F88FFFCD04}.Debug|Any CPU.ActiveCfg = Debug|Any CPU
		{98BD1D78-2EDB-4FA3-986B-D4F88FFFCD04}.Debug|Any CPU.Build.0 = Debug|Any CPU
		{98BD1D78-2EDB-4FA3-986B-D4F88FFFCD04}.Debug|x64.ActiveCfg = Debug|Any CPU
		{98BD1D78-2EDB-4FA3-986B-D4F88FFFCD04}.Debug|x64.Build.0 = Debug|Any CPU
		{98BD1D78-2EDB-4FA3-986B-D4F88FFFCD04}.Debug|x86.ActiveCfg = Debug|Any CPU
		{98BD1D78-2EDB-4FA3-986B-D4F88FFFCD04}.Debug|x86.Build.0 = Debug|Any CPU
		{98BD1D78-2EDB-4FA3-986B-D4F88FFFCD04}.Release|Any CPU.ActiveCfg = Release|Any CPU
		{98BD1D78-2EDB-4FA3-986B-D4F88FFFCD04}.Release|Any CPU.Build.0 = Release|Any CPU
		{98BD1D78-2EDB-4FA3-986B-D4F88FFFCD04}.Release|x64.ActiveCfg = Release|Any CPU
		{98BD1D78-2EDB-4FA3-986B-D4F88FFFCD04}.Release|x64.Build.0 = Release|Any CPU
		{98BD1D78-2EDB-4FA3-986B-D4F88FFFCD04}.Release|x86.ActiveCfg = Release|Any CPU
		{98BD1D78-2EDB-4FA3-986B-D4F88FFFCD04}.Release|x86.Build.0 = Release|Any CPU
		{709EF276-1A6C-4BDF-A8F2-EF3E184D1E64}.Debug|Any CPU.ActiveCfg = Debug|Any CPU
		{709EF276-1A6C-4BDF-A8F2-EF3E184D1E64}.Debug|Any CPU.Build.0 = Debug|Any CPU
		{709EF276-1A6C-4BDF-A8F2-EF3E184D1E64}.Debug|x64.ActiveCfg = Debug|Any CPU
		{709EF276-1A6C-4BDF-A8F2-EF3E184D1E64}.Debug|x64.Build.0 = Debug|Any CPU
		{709EF276-1A6C-4BDF-A8F2-EF3E184D1E64}.Debug|x86.ActiveCfg = Debug|Any CPU
		{709EF276-1A6C-4BDF-A8F2-EF3E184D1E64}.Debug|x86.Build.0 = Debug|Any CPU
		{709EF276-1A6C-4BDF-A8F2-EF3E184D1E64}.Release|Any CPU.ActiveCfg = Release|Any CPU
		{709EF276-1A6C-4BDF-A8F2-EF3E184D1E64}.Release|Any CPU.Build.0 = Release|Any CPU
		{709EF276-1A6C-4BDF-A8F2-EF3E184D1E64}.Release|x64.ActiveCfg = Release|Any CPU
		{709EF276-1A6C-4BDF-A8F2-EF3E184D1E64}.Release|x64.Build.0 = Release|Any CPU
		{709EF276-1A6C-4BDF-A8F2-EF3E184D1E64}.Release|x86.ActiveCfg = Release|Any CPU
		{709EF276-1A6C-4BDF-A8F2-EF3E184D1E64}.Release|x86.Build.0 = Release|Any CPU
	EndGlobalSection
	GlobalSection(SolutionProperties) = preSolution
		HideSolutionNode = FALSE
	EndGlobalSection
	GlobalSection(ExtensibilityGlobals) = postSolution
		SolutionGuid = {A09155D6-E074-4307-AFE5-B12A3F540889}
	EndGlobalSection
EndGlobal
